
Microsoft Visual Studio Solution File, Format Version 12.00
# Visual Studio 15
VisualStudioVersion = 15.0.28307.1705
MinimumVisualStudioVersion = 10.0.40219.1
Project("{8BC9CEB8-8B4A-11D0-8D11-00A0C91BC942}") = "SunEarthMoonModel", "SunEarthMoonModel\SunEarthMoonModel.vcxproj", "{872E2446-8C3F-4CD3-8EF9-721465714F45}"
EndProject
Global
	GlobalSection(SolutionConfigurationPlatforms) = preSolution
		Debug|x64 = Debug|x64
		Debug|x86 = Debug|x86
		Release|x64 = Release|x64
		Release|x86 = Release|x86
	EndGlobalSection
	GlobalSection(ProjectConfigurationPlatforms) = postSolution
		{872E2446-8C3F-4CD3-8EF9-721465714F45}.Debug|x64.ActiveCfg = Debug|x64
		{872E2446-8C3F-4CD3-8EF9-721465714F45}.Debug|x64.Build.0 = Debug|x64
		{872E2446-8C3F-4CD3-8EF9-721465714F45}.Debug|x86.ActiveCfg = Debug|Win32
		{872E2446-8C3F-4CD3-8EF9-721465714F45}.Debug|x86.Build.0 = Debug|Win32
		{872E2446-8C3F-4CD3-8EF9-721465714F45}.Release|x64.ActiveCfg = Release|x64
		{872E2446-8C3F-4CD3-8EF9-721465714F45}.Release|x64.Build.0 = Release|x64
		{872E2446-8C3F-4CD3-8EF9-721465714F45}.Release|x86.ActiveCfg = Release|Win32
		{872E2446-8C3F-4CD3-8EF9-721465714F45}.Release|x86.Build.0 = Release|Win32
	EndGlobalSection
	GlobalSection(SolutionProperties) = preSolution
		HideSolutionNode = FALSE
	EndGlobalSection
	GlobalSection(ExtensibilityGlobals) = postSolution
		SolutionGuid = {A07024CF-E616-4DD6-A5E5-1441D34E718B}
	EndGlobalSection
EndGlobal
